
Microsoft Visual Studio Solution File, Format Version 12.00
# Visual Studio Version 17
VisualStudioVersion = 17.4.33103.184
MinimumVisualStudioVersion = 10.0.40219.1
Project("{9A19103F-16F7-4668-BE54-9A1E7A4F7556}") = "IdentityServer", "IdentityServer\IdentityServer.csproj", "{9F5B3551-FF48-41DE-9851-6DCCE10D13D1}"
EndProject
Project("{FAE04EC0-301F-11D3-BF4B-00C04F79EFBC}") = "DataAccess", "DataAccess\DataAccess.csproj", "{CB908B1B-E6F8-4B0F-A150-2781DC57D758}"
EndProject
Project("{FAE04EC0-301F-11D3-BF4B-00C04F79EFBC}") = "API", "API\API.csproj", "{8FC02A18-F0D1-4FB3-936A-1B86A50C8106}"
EndProject
Global
	GlobalSection(SolutionConfigurationPlatforms) = preSolution
		Debug|Any CPU = Debug|Any CPU
		Release|Any CPU = Release|Any CPU
	EndGlobalSection
	GlobalSection(ProjectConfigurationPlatforms) = postSolution
		{9F5B3551-FF48-41DE-9851-6DCCE10D13D1}.Debug|Any CPU.ActiveCfg = Debug|Any CPU
		{9F5B3551-FF48-41DE-9851-6DCCE10D13D1}.Debug|Any CPU.Build.0 = Debug|Any CPU
		{9F5B3551-FF48-41DE-9851-6DCCE10D13D1}.Release|Any CPU.ActiveCfg = Release|Any CPU
		{9F5B3551-FF48-41DE-9851-6DCCE10D13D1}.Release|Any CPU.Build.0 = Release|Any CPU
		{CB908B1B-E6F8-4B0F-A150-2781DC57D758}.Debug|Any CPU.ActiveCfg = Debug|Any CPU
		{CB908B1B-E6F8-4B0F-A150-2781DC57D758}.Debug|Any CPU.Build.0 = Debug|Any CPU
		{CB908B1B-E6F8-4B0F-A150-2781DC57D758}.Release|Any CPU.ActiveCfg = Release|Any CPU
		{CB908B1B-E6F8-4B0F-A150-2781DC57D758}.Release|Any CPU.Build.0 = Release|Any CPU
		{8FC02A18-F0D1-4FB3-936A-1B86A50C8106}.Debug|Any CPU.ActiveCfg = Debug|Any CPU
		{8FC02A18-F0D1-4FB3-936A-1B86A50C8106}.Debug|Any CPU.Build.0 = Debug|Any CPU
		{8FC02A18-F0D1-4FB3-936A-1B86A50C8106}.Release|Any CPU.ActiveCfg = Release|Any CPU
		{8FC02A18-F0D1-4FB3-936A-1B86A50C8106}.Release|Any CPU.Build.0 = Release|Any CPU
	EndGlobalSection
	GlobalSection(SolutionProperties) = preSolution
		HideSolutionNode = FALSE
	EndGlobalSection
	GlobalSection(ExtensibilityGlobals) = postSolution
		SolutionGuid = {243395DF-2421-47C9-BB3C-8C070EBD37F0}
	EndGlobalSection
EndGlobal
